
Microsoft Visual Studio Solution File, Format Version 12.00
# Visual Studio 15
VisualStudioVersion = 15.0.28307.329
MinimumVisualStudioVersion = 10.0.40219.1
Project("{FAE04EC0-301F-11D3-BF4B-00C04F79EFBC}") = "Jorge", "Dick\Jorge.csproj", "{3B8A631D-230E-4BF3-842A-D57DB7B325E3}"
EndProject
Project("{FAE04EC0-301F-11D3-BF4B-00C04F79EFBC}") = "UnitTestProject1", "UnitTestProject1\UnitTestProject1.csproj", "{37B85D4A-3FD9-4BB3-97DD-FB14499D6C15}"
EndProject
Global
	GlobalSection(SolutionConfigurationPlatforms) = preSolution
		Debug|Any CPU = Debug|Any CPU
		Release|Any CPU = Release|Any CPU
	EndGlobalSection
	GlobalSection(ProjectConfigurationPlatforms) = postSolution
		{3B8A631D-230E-4BF3-842A-D57DB7B325E3}.Debug|Any CPU.ActiveCfg = Debug|Any CPU
		{3B8A631D-230E-4BF3-842A-D57DB7B325E3}.Debug|Any CPU.Build.0 = Debug|Any CPU
		{3B8A631D-230E-4BF3-842A-D57DB7B325E3}.Release|Any CPU.ActiveCfg = Release|Any CPU
		{3B8A631D-230E-4BF3-842A-D57DB7B325E3}.Release|Any CPU.Build.0 = Release|Any CPU
		{37B85D4A-3FD9-4BB3-97DD-FB14499D6C15}.Debug|Any CPU.ActiveCfg = Debug|Any CPU
		{37B85D4A-3FD9-4BB3-97DD-FB14499D6C15}.Debug|Any CPU.Build.0 = Debug|Any CPU
		{37B85D4A-3FD9-4BB3-97DD-FB14499D6C15}.Release|Any CPU.ActiveCfg = Release|Any CPU
		{37B85D4A-3FD9-4BB3-97DD-FB14499D6C15}.Release|Any CPU.Build.0 = Release|Any CPU
	EndGlobalSection
	GlobalSection(SolutionProperties) = preSolution
		HideSolutionNode = FALSE
	EndGlobalSection
	GlobalSection(ExtensibilityGlobals) = postSolution
		SolutionGuid = {1D75ABD6-0218-4202-BCB2-12FAAD6C2331}
	EndGlobalSection
EndGlobal
